Microsoft Visual Studio Solution File, Format Version 12.00
# Visual Studio Version 17
VisualStudioVersion = 17.9.34723.18
MinimumVisualStudioVersion = 10.0.40219.1
Project("{FAE04EC0-301F-11D3-BF4B-00C04F79EFBC}") = "Lords-Mobile", "Lords-Mobile.csproj", "{F9B0FD4A-682F-4F9B-ACA4-0744AD7E7CBE}"
EndProject
Global
	GlobalSection(SolutionConfigurationPlatforms) = preSolution
		Debug|Any CPU = Debug|Any CPU
		Release|Any CPU = Release|Any CPU
	EndGlobalSection
	GlobalSection(ProjectConfigurationPlatforms) = postSolution
		{F9B0FD4A-682F-4F9B-ACA4-0744AD7E7CBE}.Debug|Any CPU.ActiveCfg = Debug|Any CPU
		{F9B0FD4A-682F-4F9B-ACA4-0744AD7E7CBE}.Debug|Any CPU.Build.0 = Debug|Any CPU
		{F9B0FD4A-682F-4F9B-ACA4-0744AD7E7CBE}.Release|Any CPU.ActiveCfg = Release|Any CPU
		{F9B0FD4A-682F-4F9B-ACA4-0744AD7E7CBE}.Release|Any CPU.Build.0 = Release|Any CPU
	EndGlobalSection
	GlobalSection(SolutionProperties) = preSolution
		HideSolutionNode = FALSE
	EndGlobalSection
	GlobalSection(ExtensibilityGlobals) = postSolution
		SolutionGuid = {637AE2AF-A1AE-4208-A6C0-7B29EEBB5F03}
	EndGlobalSection
EndGlobal
